
Microsoft Visual Studio Solution File, Format Version 12.00
# Visual Studio Version 17
VisualStudioVersion = 17.13.35818.85
MinimumVisualStudioVersion = 10.0.40219.1
Project("{8BC9CEB8-8B4A-11D0-8D11-00A0C91BC942}") = "Exam", "Exam\Exam.vcxproj", "{51A3F971-79EE-4250-8EA2-9F328E78D336}"
EndProject
Project("{2150E333-8FDC-42A3-9474-1A3956D46DE8}") = "Solution Items", "Solution Items", "{8EC462FD-D22E-90A8-E5CE-7E832BA40C5D}"
EndProject
Global
	GlobalSection(SolutionConfigurationPlatforms) = preSolution
		Debug|x64 = Debug|x64
		Release|x64 = Release|x64
	EndGlobalSection
	GlobalSection(ProjectConfigurationPlatforms) = postSolution
		{51A3F971-79EE-4250-8EA2-9F328E78D336}.Debug|x64.ActiveCfg = Debug|x64
		{51A3F971-79EE-4250-8EA2-9F328E78D336}.Debug|x64.Build.0 = Debug|x64
		{51A3F971-79EE-4250-8EA2-9F328E78D336}.Release|x64.ActiveCfg = Release|x64
		{51A3F971-79EE-4250-8EA2-9F328E78D336}.Release|x64.Build.0 = Release|x64
	EndGlobalSection
	GlobalSection(SolutionProperties) = preSolution
		HideSolutionNode = FALSE
	EndGlobalSection
	GlobalSection(ExtensibilityGlobals) = postSolution
		SolutionGuid = {A19E9E51-CE0E-4D69-A363-81D9EB0A5709}
	EndGlobalSection
EndGlobal
